
Microsoft Visual Studio Solution File, Format Version 12.00
# Visual Studio Version 16
VisualStudioVersion = 16.0.31605.320
MinimumVisualStudioVersion = 10.0.40219.1
Project("{FAE04EC0-301F-11D3-BF4B-00C04F79EFBC}") = "KahveSiparis-BA-Boost-KD-HS2-OnurKurtulmus", "KahveSiparis-BA-Boost-KD-HS2-OnurKurtulmus\KahveSiparis-BA-Boost-KD-HS2-OnurKurtulmus.csproj", "{1A13C3BE-888B-44F9-84AF-BF61A47C394C}"
EndProject
Global
	GlobalSection(SolutionConfigurationPlatforms) = preSolution
		Debug|Any CPU = Debug|Any CPU
		Release|Any CPU = Release|Any CPU
	EndGlobalSection
	GlobalSection(ProjectConfigurationPlatforms) = postSolution
		{1A13C3BE-888B-44F9-84AF-BF61A47C394C}.Debug|Any CPU.ActiveCfg = Debug|Any CPU
		{1A13C3BE-888B-44F9-84AF-BF61A47C394C}.Debug|Any CPU.Build.0 = Debug|Any CPU
		{1A13C3BE-888B-44F9-84AF-BF61A47C394C}.Release|Any CPU.ActiveCfg = Release|Any CPU
		{1A13C3BE-888B-44F9-84AF-BF61A47C394C}.Release|Any CPU.Build.0 = Release|Any CPU
	EndGlobalSection
	GlobalSection(SolutionProperties) = preSolution
		HideSolutionNode = FALSE
	EndGlobalSection
	GlobalSection(ExtensibilityGlobals) = postSolution
		SolutionGuid = {EB1B03A9-4BDF-445B-8122-28092F0AD28F}
	EndGlobalSection
EndGlobal
